{
  "name": "skynet-dequantizer",
  "version": "0.2.0",
  "lockfileVersion": 3,
  "requires": true,
  "packages": {
    "": {
      "name": "skynet-dequantizer",
      "version": "0.2.0",
      "license": "AGPL-3.0-or-later",
      "dependencies": {
        "skynet-graph": "file:../skynet-graph"
      },
      "bin": {
        "skynet-dequantizer": "bin/skynet-dequantizer"
      }
    },
    "../skynet-graph": {
      "version": "1.2.0",
      "license": "AGPL-3.0-or-later",
      "dependencies": {
        "@jsep-plugin/object": "^1.2.2",
        "@jsep-plugin/ternary": "^1.1.4",
        "array-differ": "^2.1.0",
        "deepmerge": "^3.2.0",
        "intersect": "^1.0.1",
        "is": "^3.2.1",
        "jsep": "^1.4.0",
        "json5": "^2.2.3",
        "shortid": "^2.2.16",
        "ws": "^8.21.0"
      },
      "bin": {
        "sg": "bin/sg"
      },
      "devDependencies": {
        "esbuild": "^0.28.1",
        "openai": "^6.45.0",
        "puppeteer": "^25.1.0"
      }
    },
    "node_modules/skynet-graph": {
      "resolved": "../skynet-graph",
      "link": true
    }
  }
}
